// !$*UTF8*$!
{
	archiveVersion = 1;
	classes = {
	};
	objectVersion = 56;
	objects = {

/* Begin PBXBuildFile section */
		D0A6D1D42B04C2C300865A11 /* ScrumdingerApp.swift in Sources */ = {isa = PBXBuildFile; fileRef = D0A6D1D32B04C2C300865A11 /* ScrumdingerApp.swift */; };
		D0A6D1D62B04C2C300865A11 /* MeetingView.swift in Sources */ = {isa = PBXBuildFile; fileRef = D0A6D1D52B04C2C300865A11 /* MeetingView.swift */; };
		D0A6D1D82B04C2C400865A11 /* Assets.xcassets in Resources */ = {isa = PBXBuildFile; fileRef = D0A6D1D72B04C2C400865A11 /* Assets.xcassets */; };
		D0A6D1DC2B04C2C400865A11 /* Preview Assets.xcassets in Resources */ = {isa = PBXBuildFile; fileRef = D0A6D1DB2B04C2C400865A11 /* Preview Assets.xcassets */; };
		D0A6D1E62B04C2C400865A11 /* ScrumdingerTests.swift in Sources */ = {isa = PBXBuildFile; fileRef = D0A6D1E52B04C2C400865A11 /* ScrumdingerTests.swift */; };
		D0A6D1F02B04C2C500865A11 /* ScrumdingerUITests.swift in Sources */ = {isa = PBXBuildFile; fileRef = D0A6D1EF2B04C2C500865A11 /* ScrumdingerUITests.swift */; };
		D0A6D1F22B04C2C500865A11 /* ScrumdingerUITestsLaunchTests.swift in Sources */ = {isa = PBXBuildFile; fileRef = D0A6D1F12B04C2C500865A11 /* ScrumdingerUITestsLaunchTests.swift */; };
		D0A6D2002B04EE2B00865A11 /* Theme.swift in Sources */ = {isa = PBXBuildFile; fileRef = D0A6D1FF2B04EE2B00865A11 /* Theme.swift */; };
		D0A6D2022B04EF7100865A11 /* DailyScrum.swift in Sources */ = {isa = PBXBuildFile; fileRef = D0A6D2012B04EF7100865A11 /* DailyScrum.swift */; };
		D0A6D2062B04F05E00865A11 /* CardView.swift in Sources */ = {isa = PBXBuildFile; fileRef = D0A6D2052B04F05E00865A11 /* CardView.swift */; };
		D0A6D2082B04F89700865A11 /* TrailingIconLabelStyle.swift in Sources */ = {isa = PBXBuildFile; fileRef = D0A6D2072B04F89700865A11 /* TrailingIconLabelStyle.swift */; };
		D0A6D20A2B04FF0700865A11 /* ScrumsView.swift in Sources */ = {isa = PBXBuildFile; fileRef = D0A6D2092B04FF0600865A11 /* ScrumsView.swift */; };
		D0A6D20C2B05068500865A11 /* DetailView.swift in Sources */ = {isa = PBXBuildFile; fileRef = D0A6D20B2B05068500865A11 /* DetailView.swift */; };
		D0DA88F72B0625F9008C06FB /* DetailEditView.swift in Sources */ = {isa = PBXBuildFile; fileRef = D0DA88F62B0625F9008C06FB /* DetailEditView.swift */; };
		D0DA88F92B063AEF008C06FB /* ThemeView.swift in Sources */ = {isa = PBXBuildFile; fileRef = D0DA88F82B063AEF008C06FB /* ThemeView.swift */; };
		D0DA88FB2B063B9E008C06FB /* ThemePicker.swift in Sources */ = {isa = PBXBuildFile; fileRef = D0DA88FA2B063B9E008C06FB /* ThemePicker.swift */; };
/* End PBXBuildFile section */

/* Begin PBXContainerItemProxy section */
		D0A6D1E22B04C2C400865A11 /* PBXContainerItemProxy */ = {
			isa = PBXContainerItemProxy;
			containerPortal = D0A6D1C82B04C2C300865A11 /* Project object */;
			proxyType = 1;
			remoteGlobalIDString = D0A6D1CF2B04C2C300865A11;
			remoteInfo = Scrumdinger;
		};
		D0A6D1EC2B04C2C500865A11 /* PBXContainerItemProxy */ = {
			isa = PBXContainerItemProxy;
			containerPortal = D0A6D1C82B04C2C300865A11 /* Project object */;
			proxyType = 1;
			remoteGlobalIDString = D0A6D1CF2B04C2C300865A11;
			remoteInfo = Scrumdinger;
		};
/* End PBXContainerItemProxy section */

/* Begin PBXFileReference section */
		D0A6D1D02B04C2C300865A11 /* Scrumdinger.app */ = {isa = PBXFileReference; explicitFileType = wrapper.application; includeInIndex = 0; path = Scrumdinger.app; sourceTree = BUILT_PRODUCTS_DIR; };
		D0A6D1D32B04C2C300865A11 /* ScrumdingerApp.swift */ = {isa = PBXFileReference; lastKnownFileType = sourcecode.swift; path = ScrumdingerApp.swift; sourceTree = "<group>"; };
		D0A6D1D52B04C2C300865A11 /* MeetingView.swift */ = {isa = PBXFileReference; lastKnownFileType = sourcecode.swift; path = MeetingView.swift; sourceTree = "<group>"; };
		D0A6D1D72B04C2C400865A11 /* Assets.xcassets */ = {isa = PBXFileReference; lastKnownFileType = folder.assetcatalog; path = Assets.xcassets; sourceTree = "<group>"; };
		D0A6D1D92B04C2C400865A11 /* Scrumdinger.entitlements */ = {isa = PBXFileReference; lastKnownFileType = text.plist.entitlements; path = Scrumdinger.entitlements; sourceTree = "<group>"; };
		D0A6D1DB2B04C2C400865A11 /* Preview Assets.xcassets */ = {isa = PBXFileReference; lastKnownFileType = folder.assetcatalog; path = "Preview Assets.xcassets"; sourceTree = "<group>"; };
		D0A6D1E12B04C2C400865A11 /* ScrumdingerTests.xctest */ = {isa = PBXFileReference; explicitFileType = wrapper.cfbundle; includeInIndex = 0; path = ScrumdingerTests.xctest; sourceTree = BUILT_PRODUCTS_DIR; };
		D0A6D1E52B04C2C400865A11 /* ScrumdingerTests.swift */ = {isa = PBXFileReference; lastKnownFileType = sourcecode.swift; path = ScrumdingerTests.swift; sourceTree = "<group>"; };
		D0A6D1EB2B04C2C500865A11 /* ScrumdingerUITests.xctest */ = {isa = PBXFileReference; explicitFileType = wrapper.cfbundle; includeInIndex = 0; path = ScrumdingerUITests.xctest; sourceTree = BUILT_PRODUCTS_DIR; };
		D0A6D1EF2B04C2C500865A11 /* ScrumdingerUITests.swift */ = {isa = PBXFileReference; lastKnownFileType = sourcecode.swift; path = ScrumdingerUITests.swift; sourceTree = "<group>"; };
		D0A6D1F12B04C2C500865A11 /* ScrumdingerUITestsLaunchTests.swift */ = {isa = PBXFileReference; lastKnownFileType = sourcecode.swift; path = ScrumdingerUITestsLaunchTests.swift; sourceTree = "<group>"; };
		D0A6D1FF2B04EE2B00865A11 /* Theme.swift */ = {isa = PBXFileReference; lastKnownFileType = sourcecode.swift; path = Theme.swift; sourceTree = "<group>"; };
		D0A6D2012B04EF7100865A11 /* DailyScrum.swift */ = {isa = PBXFileReference; lastKnownFileType = sourcecode.swift; path = DailyScrum.swift; sourceTree = "<group>"; };
		D0A6D2052B04F05E00865A11 /* CardView.swift */ = {isa = PBXFileReference; lastKnownFileType = sourcecode.swift; path = CardView.swift; sourceTree = "<group>"; };
		D0A6D2072B04F89700865A11 /* TrailingIconLabelStyle.swift */ = {isa = PBXFileReference; lastKnownFileType = sourcecode.swift; path = TrailingIconLabelStyle.swift; sourceTree = "<group>"; };
		D0A6D2092B04FF0600865A11 /* ScrumsView.swift */ = {isa = PBXFileReference; lastKnownFileType = sourcecode.swift; path = ScrumsView.swift; sourceTree = "<group>"; };
		D0A6D20B2B05068500865A11 /* DetailView.swift */ = {isa = PBXFileReference; lastKnownFileType = sourcecode.swift; path = DetailView.swift; sourceTree = "<group>"; };
		D0DA88F62B0625F9008C06FB /* DetailEditView.swift */ = {isa = PBXFileReference; lastKnownFileType = sourcecode.swift; path = DetailEditView.swift; sourceTree = "<group>"; };
		D0DA88F82B063AEF008C06FB /* ThemeView.swift */ = {isa = PBXFileReference; lastKnownFileType = sourcecode.swift; path = ThemeView.swift; sourceTree = "<group>"; };
		D0DA88FA2B063B9E008C06FB /* ThemePicker.swift */ = {isa = PBXFileReference; lastKnownFileType = sourcecode.swift; path = ThemePicker.swift; sourceTree = "<group>"; };
/* End PBXFileReference section */

/* Begin PBXFrameworksBuildPhase section */
		D0A6D1CD2B04C2C300865A11 /* Frameworks */ = {
			isa = PBXFrameworksBuildPhase;
			buildActionMask = 2147483647;
			files = (
			);
			runOnlyForDeploymentPostprocessing = 0;
		};
		D0A6D1DE2B04C2C400865A11 /* Frameworks */ = {
			isa = PBXFrameworksBuildPhase;
			buildActionMask = 2147483647;
			files = (
			);
			runOnlyForDeploymentPostprocessing = 0;
		};
		D0A6D1E82B04C2C500865A11 /* Frameworks */ = {
			isa = PBXFrameworksBuildPhase;
			buildActionMask = 2147483647;
			files = (
			);
			runOnlyForDeploymentPostprocessing = 0;
		};
/* End PBXFrameworksBuildPhase section */

/* Begin PBXGroup section */
		D0A6D1C72B04C2C300865A11 = {
			isa = PBXGroup;
			children = (
				D0A6D1D22B04C2C300865A11 /* Scrumdinger */,
				D0A6D1EE2B04C2C500865A11 /* ScrumdingerUITests */,
				D0A6D1D12B04C2C300865A11 /* Products */,
			);
			sourceTree = "<group>";
		};
		D0A6D1D12B04C2C300865A11 /* Products */ = {
			isa = PBXGroup;
			children = (
				D0A6D1D02B04C2C300865A11 /* Scrumdinger.app */,
				D0A6D1E12B04C2C400865A11 /* ScrumdingerTests.xctest */,
				D0A6D1EB2B04C2C500865A11 /* ScrumdingerUITests.xctest */,
			);
			name = Products;
			sourceTree = "<group>";
		};
		D0A6D1D22B04C2C300865A11 /* Scrumdinger */ = {
			isa = PBXGroup;
			children = (
				D0A6D1FE2B04EE1F00865A11 /* Models */,
				D0A6D1D52B04C2C300865A11 /* MeetingView.swift */,
				D0A6D2052B04F05E00865A11 /* CardView.swift */,
				D0A6D2072B04F89700865A11 /* TrailingIconLabelStyle.swift */,
				D0A6D2092B04FF0600865A11 /* ScrumsView.swift */,
				D0A6D20B2B05068500865A11 /* DetailView.swift */,
				D0DA88F62B0625F9008C06FB /* DetailEditView.swift */,
				D0DA88F82B063AEF008C06FB /* ThemeView.swift */,
				D0DA88FA2B063B9E008C06FB /* ThemePicker.swift */,
				D0A6D1D32B04C2C300865A11 /* ScrumdingerApp.swift */,
				D0A6D1E42B04C2C400865A11 /* ScrumdingerTests */,
				D0A6D1D72B04C2C400865A11 /* Assets.xcassets */,
				D0A6D1D92B04C2C400865A11 /* Scrumdinger.entitlements */,
				D0A6D1DA2B04C2C400865A11 /* Preview Content */,
			);
			path = Scrumdinger;
			sourceTree = "<group>";
		};
		D0A6D1DA2B04C2C400865A11 /* Preview Content */ = {
			isa = PBXGroup;
			children = (
				D0A6D1DB2B04C2C400865A11 /* Preview Assets.xcassets */,
			);
			path = "Preview Content";
			sourceTree = "<group>";
		};
		D0A6D1E42B04C2C400865A11 /* ScrumdingerTests */ = {
			isa = PBXGroup;
			children = (
				D0A6D1E52B04C2C400865A11 /* ScrumdingerTests.swift */,
			);
			path = ScrumdingerTests;
			sourceTree = "<group>";
		};
		D0A6D1EE2B04C2C500865A11 /* ScrumdingerUITests */ = {
			isa = PBXGroup;
			children = (
				D0A6D1EF2B04C2C500865A11 /* ScrumdingerUITests.swift */,
				D0A6D1F12B04C2C500865A11 /* ScrumdingerUITestsLaunchTests.swift */,
			);
			path = ScrumdingerUITests;
			sourceTree = "<group>";
		};
		D0A6D1FE2B04EE1F00865A11 /* Models */ = {
			isa = PBXGroup;
			children = (
				D0A6D1FF2B04EE2B00865A11 /* Theme.swift */,
				D0A6D2012B04EF7100865A11 /* DailyScrum.swift */,
			);
			path = Models;
			sourceTree = "<group>";
		};
/* End PBXGroup section */

/* Begin PBXNativeTarget section */
		D0A6D1CF2B04C2C300865A11 /* Scrumdinger */ = {
			isa = PBXNativeTarget;
			buildConfigurationList = D0A6D1F52B04C2C500865A11 /* Build configuration list for PBXNativeTarget "Scrumdinger" */;
			buildPhases = (
				D0A6D1CC2B04C2C300865A11 /* Sources */,
				D0A6D1CD2B04C2C300865A11 /* Frameworks */,
				D0A6D1CE2B04C2C300865A11 /* Resources */,
			);
			buildRules = (
			);
			dependencies = (
			);
			name = Scrumdinger;
			productName = Scrumdinger;
			productReference = D0A6D1D02B04C2C300865A11 /* Scrumdinger.app */;
			productType = "com.apple.product-type.application";
		};
		D0A6D1E02B04C2C400865A11 /* ScrumdingerTests */ = {
			isa = PBXNativeTarget;
			buildConfigurationList = D0A6D1F82B04C2C500865A11 /* Build configuration list for PBXNativeTarget "ScrumdingerTests" */;
			buildPhases = (
				D0A6D1DD2B04C2C400865A11 /* Sources */,
				D0A6D1DE2B04C2C400865A11 /* Frameworks */,
				D0A6D1DF2B04C2C400865A11 /* Resources */,
			);
			buildRules = (
			);
			dependencies = (
				D0A6D1E32B04C2C400865A11 /* PBXTargetDependency */,
			);
			name = ScrumdingerTests;
			productName = ScrumdingerTests;
			productReference = D0A6D1E12B04C2C400865A11 /* ScrumdingerTests.xctest */;
			productType = "com.apple.product-type.bundle.unit-test";
		};
		D0A6D1EA2B04C2C500865A11 /* ScrumdingerUITests */ = {
			isa = PBXNativeTarget;
			buildConfigurationList = D0A6D1FB2B04C2C500865A11 /* Build configuration list for PBXNativeTarget "ScrumdingerUITests" */;
			buildPhases = (
				D0A6D1E72B04C2C500865A11 /* Sources */,
				D0A6D1E82B04C2C500865A11 /* Frameworks */,
				D0A6D1E92B04C2C500865A11 /* Resources */,
			);
			buildRules = (
			);
			dependencies = (
				D0A6D1ED2B04C2C500865A11 /* PBXTargetDependency */,
			);
			name = ScrumdingerUITests;
			productName = ScrumdingerUITests;
			productReference = D0A6D1EB2B04C2C500865A11 /* ScrumdingerUITests.xctest */;
			productType = "com.apple.product-type.bundle.ui-testing";
		};
/* End PBXNativeTarget section */

/* Begin PBXProject section */
		D0A6D1C82B04C2C300865A11 /* Project object */ = {
			isa = PBXProject;
			attributes = {
				BuildIndependentTargetsInParallel = 1;
				LastSwiftUpdateCheck = 1500;
				LastUpgradeCheck = 1500;
				TargetAttributes = {
					D0A6D1CF2B04C2C300865A11 = {
						CreatedOnToolsVersion = 15.0.1;
					};
					D0A6D1E02B04C2C400865A11 = {
						CreatedOnToolsVersion = 15.0.1;
						TestTargetID = D0A6D1CF2B04C2C300865A11;
					};
					D0A6D1EA2B04C2C500865A11 = {
						CreatedOnToolsVersion = 15.0.1;
						TestTargetID = D0A6D1CF2B04C2C300865A11;
					};
				};
			};
			buildConfigurationList = D0A6D1CB2B04C2C300865A11 /* Build configuration list for PBXProject "Scrumdinger" */;
			compatibilityVersion = "Xcode 14.0";
			developmentRegion = en;
			hasScannedForEncodings = 0;
			knownRegions = (
				en,
				Base,
			);
			mainGroup = D0A6D1C72B04C2C300865A11;
			productRefGroup = D0A6D1D12B04C2C300865A11 /* Products */;
			projectDirPath = "";
			projectRoot = "";
			targets = (
				D0A6D1CF2B04C2C300865A11 /* Scrumdinger */,
				D0A6D1E02B04C2C400865A11 /* ScrumdingerTests */,
				D0A6D1EA2B04C2C500865A11 /* ScrumdingerUITests */,
			);
		};
/* End PBXProject section */

/* Begin PBXResourcesBuildPhase section */
		D0A6D1CE2B04C2C300865A11 /* Resources */ = {
			isa = PBXResourcesBuildPhase;
			buildActionMask = 2147483647;
			files = (
				D0A6D1DC2B04C2C400865A11 /* Preview Assets.xcassets in Resources */,
				D0A6D1D82B04C2C400865A11 /* Assets.xcassets in Resources */,
			);
			runOnlyForDeploymentPostprocessing = 0;
		};
		D0A6D1DF2B04C2C400865A11 /* Resources */ = {
			isa = PBXResourcesBuildPhase;
			buildActionMask = 2147483647;
			files = (
			);
			runOnlyForDeploymentPostprocessing = 0;
		};
		D0A6D1E92B04C2C500865A11 /* Resources */ = {
			isa = PBXResourcesBuildPhase;
			buildActionMask = 2147483647;
			files = (
			);
			runOnlyForDeploymentPostprocessing = 0;
		};
/* End PBXResourcesBuildPhase section */

/* Begin PBXSourcesBuildPhase section */
		D0A6D1CC2B04C2C300865A11 /* Sources */ = {
			isa = PBXSourcesBuildPhase;
			buildActionMask = 2147483647;
			files = (
				D0DA88FB2B063B9E008C06FB /* ThemePicker.swift in Sources */,
				D0A6D2022B04EF7100865A11 /* DailyScrum.swift in Sources */,
				D0A6D20C2B05068500865A11 /* DetailView.swift in Sources */,
				D0DA88F72B0625F9008C06FB /* DetailEditView.swift in Sources */,
				D0A6D2082B04F89700865A11 /* TrailingIconLabelStyle.swift in Sources */,
				D0A6D1D62B04C2C300865A11 /* MeetingView.swift in Sources */,
				D0A6D20A2B04FF0700865A11 /* ScrumsView.swift in Sources */,
				D0A6D2002B04EE2B00865A11 /* Theme.swift in Sources */,
				D0A6D1D42B04C2C300865A11 /* ScrumdingerApp.swift in Sources */,
				D0DA88F92B063AEF008C06FB /* ThemeView.swift in Sources */,
				D0A6D2062B04F05E00865A11 /* CardView.swift in Sources */,
			);
			runOnlyForDeploymentPostprocessing = 0;
		};
		D0A6D1DD2B04C2C400865A11 /* Sources */ = {
			isa = PBXSourcesBuildPhase;
			buildActionMask = 2147483647;
			files = (
				D0A6D1E62B04C2C400865A11 /* ScrumdingerTests.swift in Sources */,
			);
			runOnlyForDeploymentPostprocessing = 0;
		};
		D0A6D1E72B04C2C500865A11 /* Sources */ = {
			isa = PBXSourcesBuildPhase;
			buildActionMask = 2147483647;
			files = (
				D0A6D1F22B04C2C500865A11 /* ScrumdingerUITestsLaunchTests.swift in Sources */,
				D0A6D1F02B04C2C500865A11 /* ScrumdingerUITests.swift in Sources */,
			);
			runOnlyForDeploymentPostprocessing = 0;
		};
/* End PBXSourcesBuildPhase section */

/* Begin PBXTargetDependency section */
		D0A6D1E32B04C2C400865A11 /* PBXTargetDependency */ = {
			isa = PBXTargetDependency;
			target = D0A6D1CF2B04C2C300865A11 /* Scrumdinger */;
			targetProxy = D0A6D1E22B04C2C400865A11 /* PBXContainerItemProxy */;
		};
		D0A6D1ED2B04C2C500865A11 /* PBXTargetDependency */ = {
			isa = PBXTargetDependency;
			target = D0A6D1CF2B04C2C300865A11 /* Scrumdinger */;
			targetProxy = D0A6D1EC2B04C2C500865A11 /* PBXContainerItemProxy */;
		};
/* End PBXTargetDependency section */

/* Begin XCBuildConfiguration section */
		D0A6D1F32B04C2C500865A11 /* Debug */ = {
			isa = XCBuildConfiguration;
			buildSettings = {
				ALWAYS_SEARCH_USER_PATHS = NO;
				ASSETCATALOG_COMPILER_GENERATE_SWIFT_ASSET_SYMBOL_EXTENSIONS = YES;
				CLANG_ANALYZER_NONNULL = YES;
				CLANG_ANALYZER_NUMBER_OBJECT_CONVERSION = YES_AGGRESSIVE;
				CLANG_CXX_LANGUAGE_STANDARD = "gnu++20";
				CLANG_ENABLE_MODULES = YES;
				CLANG_ENABLE_OBJC_ARC = YES;
				CLANG_ENABLE_OBJC_WEAK = YES;
				CLANG_WARN_BLOCK_CAPTURE_AUTORELEASING = YES;
				CLANG_WARN_BOOL_CONVERSION = YES;
				CLANG_WARN_COMMA = YES;
				CLANG_WARN_CONSTANT_CONVERSION = YES;
				CLANG_WARN_DEPRECATED_OBJC_IMPLEMENTATIONS = YES;
				CLANG_WARN_DIRECT_OBJC_ISA_USAGE = YES_ERROR;
				CLANG_WARN_DOCUMENTATION_COMMENTS = YES;
				CLANG_WARN_EMPTY_BODY = YES;
				CLANG_WARN_ENUM_CONVERSION = YES;
				CLANG_WARN_INFINITE_RECURSION = YES;
				CLANG_WARN_INT_CONVERSION = YES;
				CLANG_WARN_NON_LITERAL_NULL_CONVERSION = YES;
				CLANG_WARN_OBJC_IMPLICIT_RETAIN_SELF = YES;
				CLANG_WARN_OBJC_LITERAL_CONVERSION = YES;
				CLANG_WARN_OBJC_ROOT_CLASS = YES_ERROR;
				CLANG_WARN_QUOTED_INCLUDE_IN_FRAMEWORK_HEADER = YES;
				CLANG_WARN_RANGE_LOOP_ANALYSIS = YES;
				CLANG_WARN_STRICT_PROTOTYPES = YES;
				CLANG_WARN_SUSPICIOUS_MOVE = YES;
				CLANG_WARN_UNGUARDED_AVAILABILITY = YES_AGGRESSIVE;
				CLANG_WARN_UNREACHABLE_CODE = YES;
				CLANG_WARN__DUPLICATE_METHOD_MATCH = YES;
				COPY_PHASE_STRIP = NO;
				DEBUG_INFORMATION_FORMAT = dwarf;
				ENABLE_STRICT_OBJC_MSGSEND = YES;
				ENABLE_TESTABILITY = YES;
				ENABLE_USER_SCRIPT_SANDBOXING = YES;
				GCC_C_LANGUAGE_STANDARD = gnu17;
				GCC_DYNAMIC_NO_PIC = NO;
				GCC_NO_COMMON_BLOCKS = YES;
				GCC_OPTIMIZATION_LEVEL = 0;
				GCC_PREPROCESSOR_DEFINITIONS = (
					"DEBUG=1",
					"$(inherited)",
				);
				GCC_WARN_64_TO_32_BIT_CONVERSION = YES;
				GCC_WARN_ABOUT_RETURN_TYPE = YES_ERROR;
				GCC_WARN_UNDECLARED_SELECTOR = YES;
				GCC_WARN_UNINITIALIZED_AUTOS = YES_AGGRESSIVE;
				GCC_WARN_UNUSED_FUNCTION = YES;
				GCC_WARN_UNUSED_VARIABLE = YES;
				LOCALIZATION_PREFERS_STRING_CATALOGS = YES;
				MTL_ENABLE_DEBUG_INFO = INCLUDE_SOURCE;
				MTL_FAST_MATH = YES;
				ONLY_ACTIVE_ARCH = YES;
				SWIFT_ACTIVE_COMPILATION_CONDITIONS = "DEBUG $(inherited)";
				SWIFT_OPTIMIZATION_LEVEL = "-Onone";
			};
			name = Debug;
		};
		D0A6D1F42B04C2C500865A11 /* Release */ = {
			isa = XCBuildConfiguration;
			buildSettings = {
				ALWAYS_SEARCH_USER_PATHS = NO;
				ASSETCATALOG_COMPILER_GENERATE_SWIFT_ASSET_SYMBOL_EXTENSIONS = YES;
				CLANG_ANALYZER_NONNULL = YES;
				CLANG_ANALYZER_NUMBER_OBJECT_CONVERSION = YES_AGGRESSIVE;
				CLANG_CXX_LANGUAGE_STANDARD = "gnu++20";
				CLANG_ENABLE_MODULES = YES;
				CLANG_ENABLE_OBJC_ARC = YES;
				CLANG_ENABLE_OBJC_WEAK = YES;
				CLANG_WARN_BLOCK_CAPTURE_AUTORELEASING = YES;
				CLANG_WARN_BOOL_CONVERSION = YES;
				CLANG_WARN_COMMA = YES;
				CLANG_WARN_CONSTANT_CONVERSION = YES;
				CLANG_WARN_DEPRECATED_OBJC_IMPLEMENTATIONS = YES;
				CLANG_WARN_DIRECT_OBJC_ISA_USAGE = YES_ERROR;
				CLANG_WARN_DOCUMENTATION_COMMENTS = YES;
				CLANG_WARN_EMPTY_BODY = YES;
				CLANG_WARN_ENUM_CONVERSION = YES;
				CLANG_WARN_INFINITE_RECURSION = YES;
				CLANG_WARN_INT_CONVERSION = YES;
				CLANG_WARN_NON_LITERAL_NULL_CONVERSION = YES;
				CLANG_WARN_OBJC_IMPLICIT_RETAIN_SELF = YES;
				CLANG_WARN_OBJC_LITERAL_CONVERSION = YES;
				CLANG_WARN_OBJC_ROOT_CLASS = YES_ERROR;
				CLANG_WARN_QUOTED_INCLUDE_IN_FRAMEWORK_HEADER = YES;
				CLANG_WARN_RANGE_LOOP_ANALYSIS = YES;
				CLANG_WARN_STRICT_PROTOTYPES = YES;
				CLANG_WARN_SUSPICIOUS_MOVE = YES;
				CLANG_WARN_UNGUARDED_AVAILABILITY = YES_AGGRESSIVE;
				CLANG_WARN_UNREACHABLE_CODE = YES;
				CLANG_WARN__DUPLICATE_METHOD_MATCH = YES;
				COPY_PHASE_STRIP = NO;
				DEBUG_INFORMATION_FORMAT = "dwarf-with-dsym";
				ENABLE_NS_ASSERTIONS = NO;
				ENABLE_STRICT_OBJC_MSGSEND = YES;
				ENABLE_USER_SCRIPT_SANDBOXING = YES;
				GCC_C_LANGUAGE_STANDARD = gnu17;
				GCC_NO_COMMON_BLOCKS = YES;
				GCC_WARN_64_TO_32_BIT_CONVERSION = YES;
				GCC_WARN_ABOUT_RETURN_TYPE = YES_ERROR;
				GCC_WARN_UNDECLARED_SELECTOR = YES;
				GCC_WARN_UNINITIALIZED_AUTOS = YES_AGGRESSIVE;
				GCC_WARN_UNUSED_FUNCTION = YES;
				GCC_WARN_UNUSED_VARIABLE = YES;
				LOCALIZATION_PREFERS_STRING_CATALOGS = YES;
				MTL_ENABLE_DEBUG_INFO = NO;
				MTL_FAST_MATH = YES;
				SWIFT_COMPILATION_MODE = wholemodule;
			};
			name = Release;
		};
		D0A6D1F62B04C2C500865A11 /* Debug */ = {
			isa = XCBuildConfiguration;
			buildSettings = {
				ASSETCATALOG_COMPILER_APPICON_NAME = AppIcon;
				ASSETCATALOG_COMPILER_GLOBAL_ACCENT_COLOR_NAME = AccentColor;
				CODE_SIGN_ENTITLEMENTS = Scrumdinger/Scrumdinger.entitlements;
				CODE_SIGN_STYLE = Automatic;
				CURRENT_PROJECT_VERSION = 1;
				DEVELOPMENT_ASSET_PATHS = "\"Scrumdinger/Preview Content\"";
				DEVELOPMENT_TEAM = Q47UN765KL;
				ENABLE_HARDENED_RUNTIME = YES;
				ENABLE_PREVIEWS = YES;
				GENERATE_INFOPLIST_FILE = YES;
				"INFOPLIST_KEY_UIApplicationSceneManifest_Generation[sdk=iphoneos*]" = YES;
				"INFOPLIST_KEY_UIApplicationSceneManifest_Generation[sdk=iphonesimulator*]" = YES;
				"INFOPLIST_KEY_UIApplicationSupportsIndirectInputEvents[sdk=iphoneos*]" = YES;
				"INFOPLIST_KEY_UIApplicationSupportsIndirectInputEvents[sdk=iphonesimulator*]" = YES;
				"INFOPLIST_KEY_UILaunchScreen_Generation[sdk=iphoneos*]" = YES;
				"INFOPLIST_KEY_UILaunchScreen_Generation[sdk=iphonesimulator*]" = YES;
				"INFOPLIST_KEY_UIStatusBarStyle[sdk=iphoneos*]" = UIStatusBarStyleDefault;
				"INFOPLIST_KEY_UIStatusBarStyle[sdk=iphonesimulator*]" = UIStatusBarStyleDefault;
				INFOPLIST_KEY_UISupportedInterfaceOrientations_iPad = "UIInterfaceOrientationPortrait UIInterfaceOrientationPortraitUpsideDown UIInterfaceOrientationLandscapeLeft UIInterfaceOrientationLandscapeRight";
				INFOPLIST_KEY_UISupportedInterfaceOrientations_iPhone = "UIInterfaceOrientationPortrait UIInterfaceOrientationLandscapeLeft UIInterfaceOrientationLandscapeRight";
				IPHONEOS_DEPLOYMENT_TARGET = 17.0;
				LD_RUNPATH_SEARCH_PATHS = "@executable_path/Frameworks";
				"LD_RUNPATH_SEARCH_PATHS[sdk=macosx*]" = "@executable_path/../Frameworks";
				MACOSX_DEPLOYMENT_TARGET = 14.0;
				MARKETING_VERSION = 1.0;
				PRODUCT_BUNDLE_IDENTIFIER = osusky.projects.Scrumdinger;
				PRODUCT_NAME = "$(TARGET_NAME)";
				SDKROOT = auto;
				SUPPORTED_PLATFORMS = "iphoneos iphonesimulator macosx";
				SWIFT_EMIT_LOC_STRINGS = YES;
				SWIFT_VERSION = 5.0;
				TARGETED_DEVICE_FAMILY = "1,2";
			};
			name = Debug;
		};
		D0A6D1F72B04C2C500865A11 /* Release */ = {
			isa = XCBuildConfiguration;
			buildSettings = {
				ASSETCATALOG_COMPILER_APPICON_NAME = AppIcon;
				ASSETCATALOG_COMPILER_GLOBAL_ACCENT_COLOR_NAME = AccentColor;
				CODE_SIGN_ENTITLEMENTS = Scrumdinger/Scrumdinger.entitlements;
				CODE_SIGN_STYLE = Automatic;
				CURRENT_PROJECT_VERSION = 1;
				DEVELOPMENT_ASSET_PATHS = "\"Scrumdinger/Preview Content\"";
				DEVELOPMENT_TEAM = Q47UN765KL;
				ENABLE_HARDENED_RUNTIME = YES;
				ENABLE_PREVIEWS = YES;
				GENERATE_INFOPLIST_FILE = YES;
				"INFOPLIST_KEY_UIApplicationSceneManifest_Generation[sdk=iphoneos*]" = YES;
				"INFOPLIST_KEY_UIApplicationSceneManifest_Generation[sdk=iphonesimulator*]" = YES;
				"INFOPLIST_KEY_UIApplicationSupportsIndirectInputEvents[sdk=iphoneos*]" = YES;
				"INFOPLIST_KEY_UIApplicationSupportsIndirectInputEvents[sdk=iphonesimulator*]" = YES;
				"INFOPLIST_KEY_UILaunchScreen_Generation[sdk=iphoneos*]" = YES;
				"INFOPLIST_KEY_UILaunchScreen_Generation[sdk=iphonesimulator*]" = YES;
				"INFOPLIST_KEY_UIStatusBarStyle[sdk=iphoneos*]" = UIStatusBarStyleDefault;
				"INFOPLIST_KEY_UIStatusBarStyle[sdk=iphonesimulator*]" = UIStatusBarStyleDefault;
				INFOPLIST_KEY_UISupportedInterfaceOrientations_iPad = "UIInterfaceOrientationPortrait UIInterfaceOrientationPortraitUpsideDown UIInterfaceOrientationLandscapeLeft UIInterfaceOrientationLandscapeRight";
				INFOPLIST_KEY_UISupportedInterfaceOrientations_iPhone = "UIInterfaceOrientationPortrait UIInterfaceOrientationLandscapeLeft UIInterfaceOrientationLandscapeRight";
				IPHONEOS_DEPLOYMENT_TARGET = 17.0;
				LD_RUNPATH_SEARCH_PATHS = "@executable_path/Frameworks";
				"LD_RUNPATH_SEARCH_PATHS[sdk=macosx*]" = "@executable_path/../Frameworks";
				MACOSX_DEPLOYMENT_TARGET = 14.0;
				MARKETING_VERSION = 1.0;
				PRODUCT_BUNDLE_IDENTIFIER = osusky.projects.Scrumdinger;
				PRODUCT_NAME = "$(TARGET_NAME)";
				SDKROOT = auto;
				SUPPORTED_PLATFORMS = "iphoneos iphonesimulator macosx";
				SWIFT_EMIT_LOC_STRINGS = YES;
				SWIFT_VERSION = 5.0;
				TARGETED_DEVICE_FAMILY = "1,2";
			};
			name = Release;
		};
		D0A6D1F92B04C2C500865A11 /* Debug */ = {
			isa = XCBuildConfiguration;
			buildSettings = {
				ALWAYS_EMBED_SWIFT_STANDARD_LIBRARIES = YES;
				BUNDLE_LOADER = "$(TEST_HOST)";
				CODE_SIGN_STYLE = Automatic;
				CURRENT_PROJECT_VERSION = 1;
				DEVELOPMENT_TEAM = Q47UN765KL;
				GENERATE_INFOPLIST_FILE = YES;
				IPHONEOS_DEPLOYMENT_TARGET = 17.0;
				MACOSX_DEPLOYMENT_TARGET = 14.0;
				MARKETING_VERSION = 1.0;
				PRODUCT_BUNDLE_IDENTIFIER = osusky.projects.ScrumdingerTests;
				PRODUCT_NAME = "$(TARGET_NAME)";
				SDKROOT = auto;
				SUPPORTED_PLATFORMS = "iphoneos iphonesimulator macosx";
				SWIFT_EMIT_LOC_STRINGS = NO;
				SWIFT_VERSION = 5.0;
				TARGETED_DEVICE_FAMILY = "1,2";
				TEST_HOST = "$(BUILT_PRODUCTS_DIR)/Scrumdinger.app/$(BUNDLE_EXECUTABLE_FOLDER_PATH)/Scrumdinger";
			};
			name = Debug;
		};
		D0A6D1FA2B04C2C500865A11 /* Release */ = {
			isa = XCBuildConfiguration;
			buildSettings = {
				ALWAYS_EMBED_SWIFT_STANDARD_LIBRARIES = YES;
				BUNDLE_LOADER = "$(TEST_HOST)";
				CODE_SIGN_STYLE = Automatic;
				CURRENT_PROJECT_VERSION = 1;
				DEVELOPMENT_TEAM = Q47UN765KL;
				GENERATE_INFOPLIST_FILE = YES;
				IPHONEOS_DEPLOYMENT_TARGET = 17.0;
				MACOSX_DEPLOYMENT_TARGET = 14.0;
				MARKETING_VERSION = 1.0;
				PRODUCT_BUNDLE_IDENTIFIER = osusky.projects.ScrumdingerTests;
				PRODUCT_NAME = "$(TARGET_NAME)";
				SDKROOT = auto;
				SUPPORTED_PLATFORMS = "iphoneos iphonesimulator macosx";
				SWIFT_EMIT_LOC_STRINGS = NO;
				SWIFT_VERSION = 5.0;
				TARGETED_DEVICE_FAMILY = "1,2";
				TEST_HOST = "$(BUILT_PRODUCTS_DIR)/Scrumdinger.app/$(BUNDLE_EXECUTABLE_FOLDER_PATH)/Scrumdinger";
			};
			name = Release;
		};
		D0A6D1FC2B04C2C500865A11 /* Debug */ = {
			isa = XCBuildConfiguration;
			buildSettings = {
				ALWAYS_EMBED_SWIFT_STANDARD_LIBRARIES = YES;
				CODE_SIGN_STYLE = Automatic;
				CURRENT_PROJECT_VERSION = 1;
				DEVELOPMENT_TEAM = Q47UN765KL;
				GENERATE_INFOPLIST_FILE = YES;
				IPHONEOS_DEPLOYMENT_TARGET = 17.0;
				MACOSX_DEPLOYMENT_TARGET = 14.0;
				MARKETING_VERSION = 1.0;
				PRODUCT_BUNDLE_IDENTIFIER = osusky.projects.ScrumdingerUITests;
				PRODUCT_NAME = "$(TARGET_NAME)";
				SDKROOT = auto;
				SUPPORTED_PLATFORMS = "iphoneos iphonesimulator macosx";
				SWIFT_EMIT_LOC_STRINGS = NO;
				SWIFT_VERSION = 5.0;
				TARGETED_DEVICE_FAMILY = "1,2";
				TEST_TARGET_NAME = Scrumdinger;
			};
			name = Debug;
		};
		D0A6D1FD2B04C2C500865A11 /* Release */ = {
			isa = XCBuildConfiguration;
			buildSettings = {
				ALWAYS_EMBED_SWIFT_STANDARD_LIBRARIES = YES;
				CODE_SIGN_STYLE = Automatic;
				CURRENT_PROJECT_VERSION = 1;
				DEVELOPMENT_TEAM = Q47UN765KL;
				GENERATE_INFOPLIST_FILE = YES;
				IPHONEOS_DEPLOYMENT_TARGET = 17.0;
				MACOSX_DEPLOYMENT_TARGET = 14.0;
				MARKETING_VERSION = 1.0;
				PRODUCT_BUNDLE_IDENTIFIER = osusky.projects.ScrumdingerUITests;
				PRODUCT_NAME = "$(TARGET_NAME)";
				SDKROOT = auto;
				SUPPORTED_PLATFORMS = "iphoneos iphonesimulator macosx";
				SWIFT_EMIT_LOC_STRINGS = NO;
				SWIFT_VERSION = 5.0;
				TARGETED_DEVICE_FAMILY = "1,2";
				TEST_TARGET_NAME = Scrumdinger;
			};
			name = Release;
		};
/* End XCBuildConfiguration section */

/* Begin XCConfigurationList section */
		D0A6D1CB2B04C2C300865A11 /* Build configuration list for PBXProject "Scrumdinger" */ = {
			isa = XCConfigurationList;
			buildConfigurations = (
				D0A6D1F32B04C2C500865A11 /* Debug */,
				D0A6D1F42B04C2C500865A11 /* Release */,
			);
			defaultConfigurationIsVisible = 0;
			defaultConfigurationName = Release;
		};
		D0A6D1F52B04C2C500865A11 /* Build configuration list for PBXNativeTarget "Scrumdinger" */ = {
			isa = XCConfigurationList;
			buildConfigurations = (
				D0A6D1F62B04C2C500865A11 /* Debug */,
				D0A6D1F72B04C2C500865A11 /* Release */,
			);
			defaultConfigurationIsVisible = 0;
			defaultConfigurationName = Release;
		};
		D0A6D1F82B04C2C500865A11 /* Build configuration list for PBXNativeTarget "ScrumdingerTests" */ = {
			isa = XCConfigurationList;
			buildConfigurations = (
				D0A6D1F92B04C2C500865A11 /* Debug */,
				D0A6D1FA2B04C2C500865A11 /* Release */,
			);
			defaultConfigurationIsVisible = 0;
			defaultConfigurationName = Release;
		};
		D0A6D1FB2B04C2C500865A11 /* Build configuration list for PBXNativeTarget "ScrumdingerUITests" */ = {
			isa = XCConfigurationList;
			buildConfigurations = (
				D0A6D1FC2B04C2C500865A11 /* Debug */,
				D0A6D1FD2B04C2C500865A11 /* Release */,
			);
			defaultConfigurationIsVisible = 0;
			defaultConfigurationName = Release;
		};
/* End XCConfigurationList section */
	};
	rootObject = D0A6D1C82B04C2C300865A11 /* Project object */;
}
